<?xml version="1.0" encoding="utf-8"?>
<Project ToolsVersion="4.0" xmlns="http://schemas.microsoft.com/developer/msbuild/2003">
  <ItemGroup>
    <Filter Include="Resources">
      <UniqueIdentifier>{67DA6AB6-F800-4c08-8B7A-83BB121AAD01}</UniqueIdentifier>
      <Extensions>rc;ico;cur;bmp;dlg;rc2;rct;bin;rgs;gif;jpg;jpeg;jpe;resx;tiff;tif;png;wav;mfcribbon-ms</Extensions>
    </Filter>
    <Filter Include="Sources">
      <UniqueIdentifier>{4FC737F1-C7A5-4376-A066-2A32D752A2FF}</UniqueIdentifier>
      <Extensions>cpp;c;cc;cxx;c++;cppm;ixx;def;odl;idl;hpj;bat;asm;asmx</Extensions>
    </Filter>
    <Filter Include="Sources\Actor">
      <UniqueIdentifier>{e457deab-0a6b-4350-af5b-dbb819758ecc}</UniqueIdentifier>
    </Filter>
    <Filter Include="Sources\World">
      <UniqueIdentifier>{ae9dc88c-18df-4a1e-ac8f-b9d057b00f1f}</UniqueIdentifier>
    </Filter>
    <Filter Include="Sources\Interface">
      <UniqueIdentifier>{9170ee33-1e7e-4658-bcd5-57b0acc303ff}</UniqueIdentifier>
    </Filter>
    <Filter Include="Sources\Pawn">
      <UniqueIdentifier>{2fa35f5e-e51e-4c9d-986f-8f36bc750324}</UniqueIdentifier>
    </Filter>
  </ItemGroup>
  <ItemGroup>
    <ClCompile Include="Sources\Main.cpp">
      <Filter>Sources</Filter>
    </ClCompile>
    <ClCompile Include="Sources\World\TestWorld.cpp">
      <Filter>Sources\World</Filter>
    </ClCompile>
    <ClCompile Include="Sources\Actor\PhysicsSphere.cpp">
      <Filter>Sources\Actor</Filter>
    </ClCompile>
    <ClCompile Include="Sources\Actor\PhysicsBox.cpp">
      <Filter>Sources\Actor</Filter>
    </ClCompile>
    <ClCompile Include="Sources\Actor\HitReactor.cpp">
      <Filter>Sources\Actor</Filter>
    </ClCompile>
    <ClCompile Include="Sources\Pawn\PlayerPawn.cpp">
      <Filter>Sources\Pawn</Filter>
    </ClCompile>
    <ClCompile Include="Sources\Actor\Enemy.cpp">
      <Filter>Sources\Actor</Filter>
    </ClCompile>
    <ClCompile Include="Sources\Actor\Alliance.cpp">
      <Filter>Sources\Actor</Filter>
    </ClCompile>
    <ClCompile Include="Sources\Actor\MissileGridManager.cpp">
      <Filter>Sources\Actor</Filter>
    </ClCompile>
    <ClCompile Include="Sources\Actor\MissileSwarmSystem.cpp">
      <Filter>Sources\Actor</Filter>
    </ClCompile>
    <ClCompile Include="Sources\Actor\TargetMarker.cpp">
      <Filter>Sources\Actor</Filter>
    </ClCompile>
    <ClCompile Include="Sources\Actor\TopAttackMissile.cpp">
      <Filter>Sources\Actor</Filter>
    </ClCompile>
  </ItemGroup>
  <ItemGroup>
    <ClInclude Include="Sources\World\TestWorld.h">
      <Filter>Sources\World</Filter>
    </ClInclude>
    <ClInclude Include="Sources\Actor\PhysicsSphere.h">
      <Filter>Sources\Actor</Filter>
    </ClInclude>
    <ClInclude Include="Sources\Actor\PhysicsBox.h">
      <Filter>Sources\Actor</Filter>
    </ClInclude>
    <ClInclude Include="Sources\Interface\HitInterface.h">
      <Filter>Sources\Interface</Filter>
    </ClInclude>
    <ClInclude Include="Sources\Actor\HitReactor.h">
      <Filter>Sources\Actor</Filter>
    </ClInclude>
    <ClInclude Include="Sources\Pawn\PlayerPawn.h">
      <Filter>Sources\Pawn</Filter>
    </ClInclude>
    <ClInclude Include="Sources\Actor\Enemy.h">
      <Filter>Sources\Actor</Filter>
    </ClInclude>
    <ClInclude Include="Sources\Actor\Alliance.h">
      <Filter>Sources\Actor</Filter>
    </ClInclude>
    <ClInclude Include="Sources\Actor\TopAttackMissile.h">
      <Filter>Sources\Actor</Filter>
    </ClInclude>
    <ClInclude Include="Sources\Actor\MissileGridManager.h">
      <Filter>Sources\Actor</Filter>
    </ClInclude>
    <ClInclude Include="Sources\Actor\MissileSwarmSystem.h">
      <Filter>Sources\Actor</Filter>
    </ClInclude>
    <ClInclude Include="Sources\Actor\TargetMarker.h">
      <Filter>Sources\Actor</Filter>
    </ClInclude>
  </ItemGroup>
</Project>