<?xml version="1.0" encoding="utf-8"?>
<Project ToolsVersion="4.0" xmlns="http://schemas.microsoft.com/developer/msbuild/2003">
  <ItemGroup>
    <Filter Include="Resources">
      <UniqueIdentifier>{67DA6AB6-F800-4c08-8B7A-83BB121AAD01}</UniqueIdentifier>
      <Extensions>rc;ico;cur;bmp;dlg;rc2;rct;bin;rgs;gif;jpg;jpeg;jpe;resx;tiff;tif;png;wav;mfcribbon-ms</Extensions>
    </Filter>
    <Filter Include="Sources">
      <UniqueIdentifier>{4FC737F1-C7A5-4376-A066-2A32D752A2FF}</UniqueIdentifier>
      <Extensions>cpp;c;cc;cxx;c++;cppm;ixx;def;odl;idl;hpj;bat;asm;asmx</Extensions>
    </Filter>
    <Filter Include="Sources\Actor">
      <UniqueIdentifier>{e457deab-0a6b-4350-af5b-dbb819758ecc}</UniqueIdentifier>
    </Filter>
    <Filter Include="Sources\World">
      <UniqueIdentifier>{ae9dc88c-18df-4a1e-ac8f-b9d057b00f1f}</UniqueIdentifier>
    </Filter>
    <Filter Include="Sources\Pawn">
      <UniqueIdentifier>{9cbb2439-e049-4fd6-af05-d40f0fefb82a}</UniqueIdentifier>
    </Filter>
  </ItemGroup>
  <ItemGroup>
    <ClCompile Include="Sources\Main.cpp">
      <Filter>Sources</Filter>
    </ClCompile>
    <ClCompile Include="Sources\Actor\Box.cpp">
      <Filter>Sources\Actor</Filter>
    </ClCompile>
    <ClCompile Include="Sources\Actor\Sphere.cpp">
      <Filter>Sources\Actor</Filter>
    </ClCompile>
    <ClCompile Include="Sources\Actor\Floor.cpp">
      <Filter>Sources\Actor</Filter>
    </ClCompile>
    <ClCompile Include="Sources\World\TestWorld.cpp">
      <Filter>Sources\World</Filter>
    </ClCompile>
    <ClCompile Include="Sources\Pawn\GhostCameraPawn.cpp">
      <Filter>Sources\Pawn</Filter>
    </ClCompile>
    <ClCompile Include="Sources\Actor\ProjectileSphere.cpp">
      <Filter>Sources\Actor</Filter>
    </ClCompile>
    <ClCompile Include="Sources\Actor\ProjectileSpawner.cpp">
      <Filter>Sources\Actor</Filter>
    </ClCompile>
    <ClCompile Include="Sources\Actor\Bullet.cpp">
      <Filter>Sources\Actor</Filter>
    </ClCompile>
    <ClCompile Include="Sources\Actor\ProjectileBox.cpp">
      <Filter>Sources\Actor</Filter>
    </ClCompile>
    <ClCompile Include="Sources\Actor\ProjectileActor.cpp">
      <Filter>Sources\Actor</Filter>
    </ClCompile>
    <ClCompile Include="Sources\Actor\PhysicsSphere.cpp">
      <Filter>Sources\Actor</Filter>
    </ClCompile>
  </ItemGroup>
  <ItemGroup>
    <ClInclude Include="Sources\Actor\Box.h">
      <Filter>Sources\Actor</Filter>
    </ClInclude>
    <ClInclude Include="Sources\Actor\Sphere.h">
      <Filter>Sources\Actor</Filter>
    </ClInclude>
    <ClInclude Include="Sources\Actor\Floor.h">
      <Filter>Sources\Actor</Filter>
    </ClInclude>
    <ClInclude Include="Sources\World\TestWorld.h">
      <Filter>Sources\World</Filter>
    </ClInclude>
    <ClInclude Include="Sources\Pawn\GhostCameraPawn.h">
      <Filter>Sources\Pawn</Filter>
    </ClInclude>
    <ClInclude Include="Sources\Actor\ProjectileSphere.h">
      <Filter>Sources\Actor</Filter>
    </ClInclude>
    <ClInclude Include="Sources\Actor\ProjectileSpawner.h">
      <Filter>Sources\Actor</Filter>
    </ClInclude>
    <ClInclude Include="Sources\Actor\Bullet.h">
      <Filter>Sources\Actor</Filter>
    </ClInclude>
    <ClInclude Include="Sources\Actor\ProjectileBox.h">
      <Filter>Sources\Actor</Filter>
    </ClInclude>
    <ClInclude Include="Sources\Actor\ProjectileActor.h">
      <Filter>Sources\Actor</Filter>
    </ClInclude>
    <ClInclude Include="Sources\Actor\PhysicsSphere.h">
      <Filter>Sources\Actor</Filter>
    </ClInclude>
  </ItemGroup>
</Project>