<?xml version="1.0" encoding="utf-8"?>
<Project ToolsVersion="4.0" xmlns="http://schemas.microsoft.com/developer/msbuild/2003">
  <ItemGroup>
    <Filter Include="Sources">
      <UniqueIdentifier>{4FC737F1-C7A5-4376-A066-2A32D752A2FF}</UniqueIdentifier>
      <Extensions>cpp;c;cc;cxx;c++;cppm;ixx;def;odl;idl;hpj;bat;asm;asmx</Extensions>
    </Filter>
    <Filter Include="Resources">
      <UniqueIdentifier>{67DA6AB6-F800-4c08-8B7A-83BB121AAD01}</UniqueIdentifier>
      <Extensions>rc;ico;cur;bmp;dlg;rc2;rct;bin;rgs;gif;jpg;jpeg;jpe;resx;tiff;tif;png;wav;mfcribbon-ms</Extensions>
    </Filter>
    <Filter Include="Shaders">
      <UniqueIdentifier>{dbb5ee6e-3c54-4326-9fe5-a9d5f879531d}</UniqueIdentifier>
    </Filter>
    <Filter Include="Sources\Render">
      <UniqueIdentifier>{217f9cb9-9a7d-4000-ae82-30ab8f8cbf9d}</UniqueIdentifier>
    </Filter>
    <Filter Include="Sources\Utility">
      <UniqueIdentifier>{77a9ce16-7395-43f1-8db2-ea618479df90}</UniqueIdentifier>
    </Filter>
    <Filter Include="Sources\Window">
      <UniqueIdentifier>{baf37ac4-fb03-47c8-a601-acdfb8ba692b}</UniqueIdentifier>
    </Filter>
    <Filter Include="Sources\GameFramework">
      <UniqueIdentifier>{8621345d-6881-4cfb-836d-e89a77723603}</UniqueIdentifier>
    </Filter>
    <Filter Include="Sources\GameFramework\InputSystem">
      <UniqueIdentifier>{793f3d3e-bc8b-42c7-9201-a03db37a53ab}</UniqueIdentifier>
    </Filter>
    <Filter Include="Sources\GameFramework\Object">
      <UniqueIdentifier>{7abaae3c-ae25-42e5-8f72-fee926c98224}</UniqueIdentifier>
    </Filter>
    <Filter Include="Sources\GameFramework\Object\Component">
      <UniqueIdentifier>{c197dda0-2007-462a-8228-22ca7b6782c0}</UniqueIdentifier>
    </Filter>
    <Filter Include="Sources\DirectX">
      <UniqueIdentifier>{e4308e49-5def-4916-b735-50981051df2b}</UniqueIdentifier>
    </Filter>
    <Filter Include="Sources\GameFramework\Object\Actor">
      <UniqueIdentifier>{79f247e0-cbd6-4f50-9a95-3a64a30c8881}</UniqueIdentifier>
    </Filter>
    <Filter Include="Sources\GameFramework\Object\World">
      <UniqueIdentifier>{69f2f615-12f0-4b37-80cb-96c6dcbedcc0}</UniqueIdentifier>
    </Filter>
    <Filter Include="Sources\GameFramework\Object\Pawn">
      <UniqueIdentifier>{d0d9fd20-00a6-4c55-b9b2-c13e846950f9}</UniqueIdentifier>
    </Filter>
    <Filter Include="Resources\Textures">
      <UniqueIdentifier>{e571654b-8841-4804-b2e7-5cba740881ae}</UniqueIdentifier>
    </Filter>
    <Filter Include="Sources\Physics">
      <UniqueIdentifier>{aa07d7e0-7fa0-4b7e-bffa-53bd74998465}</UniqueIdentifier>
    </Filter>
    <Filter Include="Sources\Asset">
      <UniqueIdentifier>{1a10e40e-221b-40ae-8bfa-90824d52ab69}</UniqueIdentifier>
    </Filter>
    <Filter Include="Sources\GUI">
      <UniqueIdentifier>{52a28238-4d4e-4d21-b7f8-e75654c28cfa}</UniqueIdentifier>
    </Filter>
  </ItemGroup>
  <ItemGroup>
    <ClCompile Include="Sources\Utility\Timer.cpp">
      <Filter>Sources\Utility</Filter>
    </ClCompile>
    <ClCompile Include="Sources\Render\DDSTextureLoader.cpp">
      <Filter>Sources\Render</Filter>
    </ClCompile>
    <ClCompile Include="Sources\Render\GeometryGenerator.cpp">
      <Filter>Sources\Render</Filter>
    </ClCompile>
    <ClCompile Include="Sources\Render\Material.cpp">
      <Filter>Sources\Render</Filter>
    </ClCompile>
    <ClCompile Include="Sources\Render\MeshGeometry.cpp">
      <Filter>Sources\Render</Filter>
    </ClCompile>
    <ClCompile Include="Sources\Render\Texture.cpp">
      <Filter>Sources\Render</Filter>
    </ClCompile>
    <ClCompile Include="Sources\Window\Window.cpp">
      <Filter>Sources\Window</Filter>
    </ClCompile>
    <ClCompile Include="Sources\DirectX\DXResourceManager.cpp">
      <Filter>Sources\DirectX</Filter>
    </ClCompile>
    <ClCompile Include="Sources\DirectX\DXMath.cpp">
      <Filter>Sources\DirectX</Filter>
    </ClCompile>
    <ClCompile Include="Sources\DirectX\DXUtility.cpp">
      <Filter>Sources\DirectX</Filter>
    </ClCompile>
    <ClCompile Include="Sources\DirectX\DXException.cpp">
      <Filter>Sources\DirectX</Filter>
    </ClCompile>
    <ClCompile Include="Sources\Utility\FileIO.cpp">
      <Filter>Sources\Utility</Filter>
    </ClCompile>
    <ClCompile Include="Sources\GameFramework\InputSystem\InputSystem.cpp">
      <Filter>Sources\GameFramework\InputSystem</Filter>
    </ClCompile>
    <ClCompile Include="Sources\GameFramework\Object\Actor\Actor.cpp">
      <Filter>Sources\GameFramework\Object\Actor</Filter>
    </ClCompile>
    <ClCompile Include="Sources\GameFramework\Object\World\World.cpp">
      <Filter>Sources\GameFramework\Object\World</Filter>
    </ClCompile>
    <ClCompile Include="Sources\GameFramework\Object\Component\PrimitiveComponent.cpp">
      <Filter>Sources\GameFramework\Object\Component</Filter>
    </ClCompile>
    <ClCompile Include="Sources\GameFramework\Object\Component\SceneComponent.cpp">
      <Filter>Sources\GameFramework\Object\Component</Filter>
    </ClCompile>
    <ClCompile Include="Sources\GameFramework\Object\Component\StaticMeshComponent.cpp">
      <Filter>Sources\GameFramework\Object\Component</Filter>
    </ClCompile>
    <ClCompile Include="Sources\GameFramework\Object\Component\CameraComponent.cpp">
      <Filter>Sources\GameFramework\Object\Component</Filter>
    </ClCompile>
    <ClCompile Include="Sources\Render\StaticMesh.cpp">
      <Filter>Sources\Render</Filter>
    </ClCompile>
    <ClCompile Include="Sources\GameFramework\Object\Pawn\Pawn.cpp">
      <Filter>Sources\GameFramework\Object\Pawn</Filter>
    </ClCompile>
    <ClCompile Include="Sources\GameFramework\Object\Component\ActorComponent.cpp">
      <Filter>Sources\GameFramework\Object\Component</Filter>
    </ClCompile>
    <ClCompile Include="Sources\Render\CubeRenderTarget.cpp">
      <Filter>Sources\Render</Filter>
    </ClCompile>
    <ClCompile Include="Sources\Render\ShapeDrawer.cpp">
      <Filter>Sources\Render</Filter>
    </ClCompile>
    <ClCompile Include="Sources\Render\RenderTarget.cpp">
      <Filter>Sources\Render</Filter>
    </ClCompile>
    <ClCompile Include="Sources\Render\SceneRenderer.cpp">
      <Filter>Sources\Render</Filter>
    </ClCompile>
    <ClCompile Include="Sources\Render\DeferredShadingSceneRenderer.cpp">
      <Filter>Sources\Render</Filter>
    </ClCompile>
    <ClCompile Include="Sources\DirectX\Resource.cpp">
      <Filter>Sources\DirectX</Filter>
    </ClCompile>
    <ClCompile Include="Sources\DirectX\CBVSRVUAVHeap.cpp">
      <Filter>Sources\DirectX</Filter>
    </ClCompile>
    <ClCompile Include="Sources\DirectX\DSVHeap.cpp">
      <Filter>Sources\DirectX</Filter>
    </ClCompile>
    <ClCompile Include="Sources\DirectX\RTVHeap.cpp">
      <Filter>Sources\DirectX</Filter>
    </ClCompile>
    <ClCompile Include="Sources\Render\DepthStencil.cpp">
      <Filter>Sources\Render</Filter>
    </ClCompile>
    <ClCompile Include="Sources\Render\EnvironmentMapRenderer.cpp">
      <Filter>Sources\Render</Filter>
    </ClCompile>
    <ClCompile Include="Sources\Render\UnorderedAccessTexture2D.cpp">
      <Filter>Sources\Render</Filter>
    </ClCompile>
    <ClCompile Include="Sources\Render\GausiaanBlurFilter.cpp">
      <Filter>Sources\Render</Filter>
    </ClCompile>
    <ClCompile Include="Sources\GameFramework\Object\Component\DirectionalLightComponent.cpp">
      <Filter>Sources\GameFramework\Object\Component</Filter>
    </ClCompile>
    <ClCompile Include="Sources\GameFramework\Object\Component\LightComponent.cpp">
      <Filter>Sources\GameFramework\Object\Component</Filter>
    </ClCompile>
    <ClCompile Include="Sources\GameFramework\Object\Actor\DirectionalLight.cpp">
      <Filter>Sources\GameFramework\Object\Actor</Filter>
    </ClCompile>
    <ClCompile Include="Sources\Render\LoadM3d.cpp">
      <Filter>Sources\Render</Filter>
    </ClCompile>
    <ClCompile Include="Sources\Render\SkeletalMesh.cpp">
      <Filter>Sources\Render</Filter>
    </ClCompile>
    <ClCompile Include="Sources\Render\SkinnedData.cpp">
      <Filter>Sources\Render</Filter>
    </ClCompile>
    <ClCompile Include="Sources\GameFramework\GameCore.cpp">
      <Filter>Sources\GameFramework</Filter>
    </ClCompile>
    <ClCompile Include="Sources\DirectX\D3D12Linker.cpp">
      <Filter>Sources\DirectX</Filter>
    </ClCompile>
    <ClCompile Include="Sources\GameFramework\Object\Component\MovementComponent.cpp">
      <Filter>Sources\GameFramework\Object\Component</Filter>
    </ClCompile>
    <ClCompile Include="Sources\GameFramework\RenderItemProxy.cpp">
      <Filter>Sources\GameFramework</Filter>
    </ClCompile>
    <ClCompile Include="Sources\GameFramework\Object\Component\ProjectileMovementComponent.cpp">
      <Filter>Sources\GameFramework\Object\Component</Filter>
    </ClCompile>
    <ClCompile Include="Sources\Physics\PhysicsCore.cpp">
      <Filter>Sources\Physics</Filter>
    </ClCompile>
    <ClCompile Include="Sources\Physics\PhysicsDebugRenderer.cpp">
      <Filter>Sources\Physics</Filter>
    </ClCompile>
    <ClCompile Include="Sources\GameFramework\Object\Component\SplineComponent.cpp">
      <Filter>Sources\GameFramework\Object\Component</Filter>
    </ClCompile>
    <ClCompile Include="Sources\Asset\AssetManager.cpp">
      <Filter>Sources\Asset</Filter>
    </ClCompile>
    <ClCompile Include="Sources\Asset\AssetLoader.cpp">
      <Filter>Sources\Asset</Filter>
    </ClCompile>
    <ClCompile Include="Sources\Asset\Asset.cpp">
      <Filter>Sources\Asset</Filter>
    </ClCompile>
    <ClCompile Include="Sources\Asset\SplineDataAsset.cpp">
      <Filter>Sources\Asset</Filter>
    </ClCompile>
    <ClCompile Include="Sources\GameFramework\Object\Pawn\GhostCameraPawn.cpp">
      <Filter>Sources\GameFramework\Object\Pawn</Filter>
    </ClCompile>
    <ClCompile Include="Sources\GameFramework\Object\World\DefaultWorld.cpp">
      <Filter>Sources\GameFramework\Object\World</Filter>
    </ClCompile>
    <ClCompile Include="Sources\GameFramework\Object\Actor\Floor.cpp">
      <Filter>Sources\GameFramework\Object\Actor</Filter>
    </ClCompile>
    <ClCompile Include="Sources\GameFramework\Object\Component\BoxComponent.cpp">
      <Filter>Sources\GameFramework\Object\Component</Filter>
    </ClCompile>
    <ClCompile Include="Sources\GameFramework\Object\Component\SphereComponent.cpp">
      <Filter>Sources\GameFramework\Object\Component</Filter>
    </ClCompile>
    <ClCompile Include="Sources\Utility\Delegate.cpp">
      <Filter>Sources\Utility</Filter>
    </ClCompile>
    <ClCompile Include="Sources\Physics\PhysicsBody.cpp">
      <Filter>Sources\Physics</Filter>
    </ClCompile>
    <ClCompile Include="Sources\GameFramework\Object\Component\PhysicsComponent.cpp">
      <Filter>Sources\GameFramework\Object\Component</Filter>
    </ClCompile>
    <ClCompile Include="Sources\Physics\PhysicsUserData.cpp">
      <Filter>Sources\Physics</Filter>
    </ClCompile>
    <ClCompile Include="Sources\Asset\XMLDataAsset.cpp">
      <Filter>Sources\Asset</Filter>
    </ClCompile>
    <ClCompile Include="Sources\GameFramework\Object\Component\ObjectAnimComponent.cpp">
      <Filter>Sources\GameFramework\Object\Component</Filter>
    </ClCompile>
    <ClCompile Include="Sources\GUI\GUICore.cpp">
      <Filter>Sources\GUI</Filter>
    </ClCompile>
    <ClCompile Include="Sources\Asset\ObjectAnimDataAsset.cpp">
      <Filter>Sources\Asset</Filter>
    </ClCompile>
    <ClCompile Include="Sources\Physics\ContactListener.cpp">
      <Filter>Sources\Physics</Filter>
    </ClCompile>
    <ClCompile Include="Sources\Physics\BodyActivationListener.cpp">
      <Filter>Sources\Physics</Filter>
    </ClCompile>
    <ClCompile Include="Sources\Physics\ObjectLayerPairFilter.cpp">
      <Filter>Sources\Physics</Filter>
    </ClCompile>
    <ClCompile Include="Sources\Physics\BroadPhaseLayerInterface.cpp">
      <Filter>Sources\Physics</Filter>
    </ClCompile>
    <ClCompile Include="Sources\Physics\ObjectVsBroadPhaseLayerFilter.cpp">
      <Filter>Sources\Physics</Filter>
    </ClCompile>
    <ClCompile Include="Sources\Physics\Trace.cpp">
      <Filter>Sources\Physics</Filter>
    </ClCompile>
    <ClCompile Include="Sources\GameFramework\Object\Object.cpp">
      <Filter>Sources\GameFramework\Object</Filter>
    </ClCompile>
    <ClCompile Include="Sources\Physics\HitResult.cpp">
      <Filter>Sources</Filter>
    </ClCompile>
  </ItemGroup>
  <ItemGroup>
    <ClInclude Include="Sources\Utility\Class.h">
      <Filter>Sources\Utility</Filter>
    </ClInclude>
    <ClInclude Include="Sources\Utility\Timer.h">
      <Filter>Sources\Utility</Filter>
    </ClInclude>
    <ClInclude Include="Sources\Render\DDSTextureLoader.h">
      <Filter>Sources\Render</Filter>
    </ClInclude>
    <ClInclude Include="Sources\Render\GeometryGenerator.h">
      <Filter>Sources\Render</Filter>
    </ClInclude>
    <ClInclude Include="Sources\Render\MeshGeometry.h">
      <Filter>Sources\Render</Filter>
    </ClInclude>
    <ClInclude Include="Sources\Render\UploadBuffer.h">
      <Filter>Sources\Render</Filter>
    </ClInclude>
    <ClInclude Include="Sources\Render\Material.h">
      <Filter>Sources\Render</Filter>
    </ClInclude>
    <ClInclude Include="Sources\Render\Texture.h">
      <Filter>Sources\Render</Filter>
    </ClInclude>
    <ClInclude Include="Sources\DirectX\DXResourceManager.h">
      <Filter>Sources\DirectX</Filter>
    </ClInclude>
    <ClInclude Include="Sources\Window\Window.h">
      <Filter>Sources\Window</Filter>
    </ClInclude>
    <ClInclude Include="Sources\GameFramework\InputSystem\InputSystem.h">
      <Filter>Sources\GameFramework\InputSystem</Filter>
    </ClInclude>
    <ClInclude Include="Sources\GameFramework\Object\Component\SceneComponent.h">
      <Filter>Sources\GameFramework\Object\Component</Filter>
    </ClInclude>
    <ClInclude Include="Sources\GameFramework\Object\Component\ActorComponent.h">
      <Filter>Sources\GameFramework\Object\Component</Filter>
    </ClInclude>
    <ClInclude Include="Sources\GameFramework\Object\Component\CameraComponent.h">
      <Filter>Sources\GameFramework\Object\Component</Filter>
    </ClInclude>
    <ClInclude Include="Sources\DirectX\d3dx12.h">
      <Filter>Sources\DirectX</Filter>
    </ClInclude>
    <ClInclude Include="Sources\DirectX\DXMath.h">
      <Filter>Sources\DirectX</Filter>
    </ClInclude>
    <ClInclude Include="Sources\DirectX\DXUtility.h">
      <Filter>Sources\DirectX</Filter>
    </ClInclude>
    <ClInclude Include="Sources\DirectX\DXException.h">
      <Filter>Sources\DirectX</Filter>
    </ClInclude>
    <ClInclude Include="Sources\Utility\String.h">
      <Filter>Sources\Utility</Filter>
    </ClInclude>
    <ClInclude Include="Sources\Utility\FileIO.h">
      <Filter>Sources\Utility</Filter>
    </ClInclude>
    <ClInclude Include="Sources\GameFramework\Object\Actor\Actor.h">
      <Filter>Sources\GameFramework\Object\Actor</Filter>
    </ClInclude>
    <ClInclude Include="Sources\GameFramework\Object\World\World.h">
      <Filter>Sources\GameFramework\Object\World</Filter>
    </ClInclude>
    <ClInclude Include="Sources\GameFramework\Object\Component\PrimitiveComponent.h">
      <Filter>Sources\GameFramework\Object\Component</Filter>
    </ClInclude>
    <ClInclude Include="Sources\GameFramework\Object\Component\StaticMeshComponent.h">
      <Filter>Sources\GameFramework\Object\Component</Filter>
    </ClInclude>
    <ClInclude Include="Sources\Render\StaticMesh.h">
      <Filter>Sources\Render</Filter>
    </ClInclude>
    <ClInclude Include="Sources\GameFramework\Object\Pawn\Pawn.h">
      <Filter>Sources\GameFramework\Object\Pawn</Filter>
    </ClInclude>
    <ClInclude Include="Sources\Render\CubeRenderTarget.h">
      <Filter>Sources\Render</Filter>
    </ClInclude>
    <ClInclude Include="Sources\Render\ShapeDrawer.h">
      <Filter>Sources\Render</Filter>
    </ClInclude>
    <ClInclude Include="Sources\Render\RenderTarget.h">
      <Filter>Sources\Render</Filter>
    </ClInclude>
    <ClInclude Include="Sources\Render\DeferredShadingSceneRenderer.h">
      <Filter>Sources\Render</Filter>
    </ClInclude>
    <ClInclude Include="Shaders\DrawRectPassCommon.hlsli">
      <Filter>Shaders</Filter>
    </ClInclude>
    <ClInclude Include="Sources\DirectX\Resource.h">
      <Filter>Sources\DirectX</Filter>
    </ClInclude>
    <ClInclude Include="Sources\DirectX\CBVSRVUAVHeap.h">
      <Filter>Sources\DirectX</Filter>
    </ClInclude>
    <ClInclude Include="Sources\Render\DepthStencil.h">
      <Filter>Sources\Render</Filter>
    </ClInclude>
    <ClInclude Include="Sources\DirectX\DSVHeap.h">
      <Filter>Sources\DirectX</Filter>
    </ClInclude>
    <ClInclude Include="Sources\DirectX\RTVHeap.h">
      <Filter>Sources\DirectX</Filter>
    </ClInclude>
    <ClInclude Include="Sources\Render\EnvironmentMapRenderer.h">
      <Filter>Sources\Render</Filter>
    </ClInclude>
    <ClInclude Include="Sources\Render\GausiaanBlurFilter.h">
      <Filter>Sources\Render</Filter>
    </ClInclude>
    <ClInclude Include="Sources\Render\UnorderedAccessTexture2D.h">
      <Filter>Sources\Render</Filter>
    </ClInclude>
    <ClInclude Include="Sources\GameFramework\Object\Component\LightComponent.h">
      <Filter>Sources\GameFramework\Object\Component</Filter>
    </ClInclude>
    <ClInclude Include="Sources\GameFramework\Object\Component\DirectionalLightComponent.h">
      <Filter>Sources\GameFramework\Object\Component</Filter>
    </ClInclude>
    <ClInclude Include="Sources\GameFramework\Object\Actor\DirectionalLight.h">
      <Filter>Sources\GameFramework\Object\Actor</Filter>
    </ClInclude>
    <ClInclude Include="Sources\Render\LoadM3d.h">
      <Filter>Sources\Render</Filter>
    </ClInclude>
    <ClInclude Include="Sources\Render\SkinnedData.h">
      <Filter>Sources\Render</Filter>
    </ClInclude>
    <ClInclude Include="Sources\Render\SkeletalMesh.h">
      <Filter>Sources\Render</Filter>
    </ClInclude>
    <ClInclude Include="Sources\Render\SceneRenderer.h">
      <Filter>Sources\Render</Filter>
    </ClInclude>
    <ClInclude Include="Sources\Utility\Container.h">
      <Filter>Sources\Utility</Filter>
    </ClInclude>
    <ClInclude Include="Sources\GameFramework\GameCore.h">
      <Filter>Sources\GameFramework</Filter>
    </ClInclude>
    <ClInclude Include="Sources\GameFramework\Object\Component\ProjectileMovementComponent.h">
      <Filter>Sources\GameFramework\Object\Component</Filter>
    </ClInclude>
    <ClInclude Include="Sources\GameFramework\Object\Component\MovementComponent.h">
      <Filter>Sources\GameFramework\Object\Component</Filter>
    </ClInclude>
    <ClInclude Include="Sources\GameFramework\RenderItemProxy.h">
      <Filter>Sources\GameFramework</Filter>
    </ClInclude>
    <ClInclude Include="Sources\Render\RenderItem.h">
      <Filter>Sources\Render</Filter>
    </ClInclude>
    <ClInclude Include="Sources\Physics\PhysicsCore.h">
      <Filter>Sources\Physics</Filter>
    </ClInclude>
    <ClInclude Include="Sources\Physics\ObjectChannel.h">
      <Filter>Sources\Physics</Filter>
    </ClInclude>
    <ClInclude Include="Sources\Physics\PhysicsDebugRenderer.h">
      <Filter>Sources\Physics</Filter>
    </ClInclude>
    <ClInclude Include="Sources\Physics\JPHUtility.h">
      <Filter>Sources\Physics</Filter>
    </ClInclude>
    <ClInclude Include="Sources\GameFramework\Object\Component\SplineComponent.h">
      <Filter>Sources\GameFramework\Object\Component</Filter>
    </ClInclude>
    <ClInclude Include="Sources\Asset\AssetManager.h">
      <Filter>Sources\Asset</Filter>
    </ClInclude>
    <ClInclude Include="Sources\Asset\Asset.h">
      <Filter>Sources\Asset</Filter>
    </ClInclude>
    <ClInclude Include="Sources\Asset\SplineDataAsset.h">
      <Filter>Sources\Asset</Filter>
    </ClInclude>
    <ClInclude Include="Sources\Asset\AssetLoader.h">
      <Filter>Sources\Asset</Filter>
    </ClInclude>
    <ClInclude Include="Sources\GameFramework\Object\Pawn\GhostCameraPawn.h">
      <Filter>Sources\GameFramework\Object\Pawn</Filter>
    </ClInclude>
    <ClInclude Include="Sources\GameFramework\Object\World\DefaultWorld.h">
      <Filter>Sources\GameFramework\Object\World</Filter>
    </ClInclude>
    <ClInclude Include="Sources\GameFramework\Object\Actor\Floor.h">
      <Filter>Sources\GameFramework\Object\Actor</Filter>
    </ClInclude>
    <ClInclude Include="Sources\GameFramework\Object\Component\BoxComponent.h">
      <Filter>Sources\GameFramework\Object\Component</Filter>
    </ClInclude>
    <ClInclude Include="Sources\GameFramework\Object\Component\SphereComponent.h">
      <Filter>Sources\GameFramework\Object\Component</Filter>
    </ClInclude>
    <ClInclude Include="Sources\Utility\Delegate.h">
      <Filter>Sources\Utility</Filter>
    </ClInclude>
    <ClInclude Include="Sources\Physics\PhysicsBody.h">
      <Filter>Sources\Physics</Filter>
    </ClInclude>
    <ClInclude Include="Sources\GameFramework\Object\Component\PhysicsComponent.h">
      <Filter>Sources\GameFramework\Object\Component</Filter>
    </ClInclude>
    <ClInclude Include="Sources\Utility\Memory.h">
      <Filter>Sources\Utility</Filter>
    </ClInclude>
    <ClInclude Include="Sources\Physics\PhysicsUserData.h">
      <Filter>Sources\Physics</Filter>
    </ClInclude>
    <ClInclude Include="Sources\Asset\XMLDataAsset.h">
      <Filter>Sources\Asset</Filter>
    </ClInclude>
    <ClInclude Include="Sources\GameFramework\Object\Component\ObjectAnimComponent.h">
      <Filter>Sources\GameFramework\Object\Component</Filter>
    </ClInclude>
    <ClInclude Include="Sources\GUI\GUICore.h">
      <Filter>Sources\GUI</Filter>
    </ClInclude>
    <ClInclude Include="Sources\Utility\Profiling.h">
      <Filter>Sources\Utility</Filter>
    </ClInclude>
    <ClInclude Include="Sources\Asset\ObjectAnimDataAsset.h">
      <Filter>Sources\Asset</Filter>
    </ClInclude>
    <ClInclude Include="Sources\Physics\ContactListener.h">
      <Filter>Sources\Physics</Filter>
    </ClInclude>
    <ClInclude Include="Sources\GameFramework\PhysicsEventProxy.h">
      <Filter>Sources\GameFramework</Filter>
    </ClInclude>
    <ClInclude Include="Sources\Physics\BodyActivationListener.h">
      <Filter>Sources\Physics</Filter>
    </ClInclude>
    <ClInclude Include="Sources\Physics\ObjectLayerPairFilter.h">
      <Filter>Sources\Physics</Filter>
    </ClInclude>
    <ClInclude Include="Sources\Physics\BroadPhaseLayer.h">
      <Filter>Sources\Physics</Filter>
    </ClInclude>
    <ClInclude Include="Sources\Physics\BroadPhaseLayerInterface.h">
      <Filter>Sources\Physics</Filter>
    </ClInclude>
    <ClInclude Include="Sources\Physics\ObjectVsBroadPhaseLayerFilter.h">
      <Filter>Sources\Physics</Filter>
    </ClInclude>
    <ClInclude Include="Sources\Physics\Trace.h">
      <Filter>Sources\Physics</Filter>
    </ClInclude>
    <ClInclude Include="Sources\Physics\HitResult.h">
      <Filter>Sources\Physics</Filter>
    </ClInclude>
    <ClInclude Include="Sources\GameFramework\Object\Object.h">
      <Filter>Sources\GameFramework\Object</Filter>
    </ClInclude>
  </ItemGroup>
  <ItemGroup>
    <None Include="Shaders\BillboardCommon.hlsli">
      <Filter>Shaders</Filter>
    </None>
    <None Include="Shaders\BillboardGeometryShader.hlsl">
      <Filter>Shaders</Filter>
    </None>
    <None Include="Shaders\BillboardPixelShader.hlsl">
      <Filter>Shaders</Filter>
    </None>
    <None Include="Shaders\BillboardVertexShader.hlsl">
      <Filter>Shaders</Filter>
    </None>
    <None Include="Shaders\Common.hlsli">
      <Filter>Shaders</Filter>
    </None>
    <None Include="Shaders\Material.hlsli">
      <Filter>Shaders</Filter>
    </None>
    <None Include="Shaders\EnvironmentMapPassCommon.hlsli">
      <Filter>Shaders</Filter>
    </None>
    <None Include="Shaders\EnvironmentMapPassVertexShader.hlsl">
      <Filter>Shaders</Filter>
    </None>
    <None Include="Shaders\EnvironmentMapPassPixelShader.hlsl">
      <Filter>Shaders</Filter>
    </None>
    <None Include="Shaders\IrradianceMapPassCommon.hlsli">
      <Filter>Shaders</Filter>
    </None>
    <None Include="Shaders\IrradianceMapPassVertexShader.hlsl">
      <Filter>Shaders</Filter>
    </None>
    <None Include="Shaders\IrradianceMapPassPixelShader.hlsl">
      <Filter>Shaders</Filter>
    </None>
    <None Include="Shaders\Math.hlsli">
      <Filter>Shaders</Filter>
    </None>
    <None Include="Shaders\PreFilteredMapPassVertexShader.hlsl">
      <Filter>Shaders</Filter>
    </None>
    <None Include="Shaders\PreFilteredMapPassPixelShader.hlsl">
      <Filter>Shaders</Filter>
    </None>
    <None Include="Shaders\PreFilteredMapPassCommon.hlsli">
      <Filter>Shaders</Filter>
    </None>
    <None Include="Shaders\BRDFLUTPassVertexShader.hlsl">
      <Filter>Shaders</Filter>
    </None>
    <None Include="Shaders\BRDFLUTPassPixelShader.hlsl">
      <Filter>Shaders</Filter>
    </None>
    <None Include="Shaders\GBufferPassCommon.hlsli">
      <Filter>Shaders</Filter>
    </None>
    <None Include="Shaders\GBufferPassPixelShader.hlsl">
      <Filter>Shaders</Filter>
    </None>
    <None Include="Shaders\GBufferPassVertexShader.hlsl">
      <Filter>Shaders</Filter>
    </None>
    <None Include="Shaders\DeferredShadingPassCommon.hlsli">
      <Filter>Shaders</Filter>
    </None>
    <None Include="Shaders\DeferredShadingPassVertexShader.hlsl">
      <Filter>Shaders</Filter>
    </None>
    <None Include="Shaders\DeferredShadingPassPixelShader.hlsl">
      <Filter>Shaders</Filter>
    </None>
    <None Include="Shaders\DrawRectPassPixelShader.hlsl">
      <Filter>Shaders</Filter>
    </None>
    <None Include="Shaders\DrawRectPassVertexShader.hlsl">
      <Filter>Shaders</Filter>
    </None>
    <None Include="Shaders\ForwardShadingPassCommon.hlsli">
      <Filter>Shaders</Filter>
    </None>
    <None Include="Shaders\ForwardShadingPassPixelShader.hlsl">
      <Filter>Shaders</Filter>
    </None>
    <None Include="Shaders\ForwardShadingPassVertexShader.hlsl">
      <Filter>Shaders</Filter>
    </None>
    <None Include="Shaders\BRDFLUTPassCommon.hlsli">
      <Filter>Shaders</Filter>
    </None>
    <None Include="Shaders\Light.hlsli">
      <Filter>Shaders</Filter>
    </None>
    <None Include="Shaders\DebugDepthPassPixelShader.hlsl">
      <Filter>Shaders</Filter>
    </None>
    <None Include="Shaders\DebugVectorPassPixelShader.hlsl">
      <Filter>Shaders</Filter>
    </None>
    <None Include="Shaders\ShadowMapPassCommon.hlsli">
      <Filter>Shaders</Filter>
    </None>
    <None Include="Shaders\ShadowMapPassVertexShader.hlsl">
      <Filter>Shaders</Filter>
    </None>
    <None Include="Shaders\HorizontalGaussianBlurComputeShader.hlsl">
      <Filter>Shaders</Filter>
    </None>
    <None Include="Shaders\VerticalGaussianBlurComputeShader.hlsl">
      <Filter>Shaders</Filter>
    </None>
    <None Include="Shaders\GaussianBlurCommon.hlsli">
      <Filter>Shaders</Filter>
    </None>
    <None Include="Shaders\PrecomputationTransmittanceLUTPassCommon.hlsli">
      <Filter>Shaders</Filter>
    </None>
    <None Include="Shaders\SkyAtmosphereCommon.hlsli">
      <Filter>Shaders</Filter>
    </None>
    <None Include=".editorconfig" />
    <None Include="Shaders\DrawShapeCommon.hlsli">
      <Filter>Shaders</Filter>
    </None>
  </ItemGroup>
  <ItemGroup>
    <Image Include="Resources\Textures\Default.dds">
      <Filter>Resources\Textures</Filter>
    </Image>
    <Image Include="Resources\Textures\IceField_AO.dds">
      <Filter>Resources\Textures</Filter>
    </Image>
    <Image Include="Resources\Textures\IceField_BaseColor.dds">
      <Filter>Resources\Textures</Filter>
    </Image>
    <Image Include="Resources\Textures\IceField_Height.dds">
      <Filter>Resources\Textures</Filter>
    </Image>
    <Image Include="Resources\Textures\IceField_Metallic.dds">
      <Filter>Resources\Textures</Filter>
    </Image>
    <Image Include="Resources\Textures\IceField_Normal.dds">
      <Filter>Resources\Textures</Filter>
    </Image>
    <Image Include="Resources\Textures\IceField_Roughness.dds">
      <Filter>Resources\Textures</Filter>
    </Image>
    <Image Include="Resources\Textures\RustedIron2_BaseColor.dds">
      <Filter>Resources\Textures</Filter>
    </Image>
    <Image Include="Resources\Textures\RustedIron2_Metallic.dds">
      <Filter>Resources\Textures</Filter>
    </Image>
    <Image Include="Resources\Textures\RustedIron2_Normal.dds">
      <Filter>Resources\Textures</Filter>
    </Image>
    <Image Include="Resources\Textures\RustedIron2_Roughness.dds">
      <Filter>Resources\Textures</Filter>
    </Image>
    <Image Include="Resources\Textures\ScuffedGold_BaseColor.dds">
      <Filter>Resources\Textures</Filter>
    </Image>
    <Image Include="Resources\Textures\ScuffedGold_BaseColor_Boosted.dds">
      <Filter>Resources\Textures</Filter>
    </Image>
    <Image Include="Resources\Textures\ScuffedGold_Metallic.dds">
      <Filter>Resources\Textures</Filter>
    </Image>
    <Image Include="Resources\Textures\ScuffedGold_Normal.dds">
      <Filter>Resources\Textures</Filter>
    </Image>
    <Image Include="Resources\Textures\ScuffedGold_Roughness.dds">
      <Filter>Resources\Textures</Filter>
    </Image>
    <Image Include="Resources\Textures\White.dds">
      <Filter>Resources\Textures</Filter>
    </Image>
  </ItemGroup>
  <ItemGroup>
    <FxCompile Include="Shaders\PrecomputationTransmittanceLUTPassVertexShader.hlsl">
      <Filter>Shaders</Filter>
    </FxCompile>
    <FxCompile Include="Shaders\PrecomputationTransmittanceLUTPassPixelShader.hlsl">
      <Filter>Shaders</Filter>
    </FxCompile>
    <FxCompile Include="Shaders\DrawLine3DPass.hlsl">
      <Filter>Shaders</Filter>
    </FxCompile>
    <FxCompile Include="Shaders\DrawDebugLine3DPass.hlsl">
      <Filter>Shaders</Filter>
    </FxCompile>
  </ItemGroup>
</Project>