<?xml version="1.0" encoding="utf-8"?>
<Project ToolsVersion="4.0" xmlns="http://schemas.microsoft.com/developer/msbuild/2003">
  <ItemGroup>
    <Filter Include="Sources">
      <UniqueIdentifier>{4FC737F1-C7A5-4376-A066-2A32D752A2FF}</UniqueIdentifier>
      <Extensions>cpp;c;cc;cxx;c++;cppm;ixx;def;odl;idl;hpj;bat;asm;asmx</Extensions>
    </Filter>
    <Filter Include="Resources">
      <UniqueIdentifier>{67DA6AB6-F800-4c08-8B7A-83BB121AAD01}</UniqueIdentifier>
      <Extensions>rc;ico;cur;bmp;dlg;rc2;rct;bin;rgs;gif;jpg;jpeg;jpe;resx;tiff;tif;png;wav;mfcribbon-ms</Extensions>
    </Filter>
    <Filter Include="Shaders">
      <UniqueIdentifier>{dbb5ee6e-3c54-4326-9fe5-a9d5f879531d}</UniqueIdentifier>
    </Filter>
    <Filter Include="Sources\Render">
      <UniqueIdentifier>{217f9cb9-9a7d-4000-ae82-30ab8f8cbf9d}</UniqueIdentifier>
    </Filter>
    <Filter Include="Sources\Utility">
      <UniqueIdentifier>{77a9ce16-7395-43f1-8db2-ea618479df90}</UniqueIdentifier>
    </Filter>
    <Filter Include="Sources\Runtime">
      <UniqueIdentifier>{74f99875-9b98-472a-83c8-973e30810742}</UniqueIdentifier>
    </Filter>
    <Filter Include="Sources\Runtime\Object">
      <UniqueIdentifier>{2a53950a-9992-4511-a985-4cdcea1079f6}</UniqueIdentifier>
    </Filter>
    <Filter Include="Sources\Runtime\World">
      <UniqueIdentifier>{e96a9205-a40d-4b4a-95c8-aaf25e2fd33b}</UniqueIdentifier>
    </Filter>
    <Filter Include="Sources\DirectX12">
      <UniqueIdentifier>{e4308e49-5def-4916-b735-50981051df2b}</UniqueIdentifier>
    </Filter>
    <Filter Include="Sources\Window">
      <UniqueIdentifier>{baf37ac4-fb03-47c8-a601-acdfb8ba692b}</UniqueIdentifier>
    </Filter>
    <Filter Include="Sources\Application">
      <UniqueIdentifier>{32660c26-a71e-417e-8286-18fc3c4e9765}</UniqueIdentifier>
    </Filter>
    <Filter Include="Sources\GameFramework">
      <UniqueIdentifier>{8621345d-6881-4cfb-836d-e89a77723603}</UniqueIdentifier>
    </Filter>
    <Filter Include="Sources\GameFramework\InputSystem">
      <UniqueIdentifier>{793f3d3e-bc8b-42c7-9201-a03db37a53ab}</UniqueIdentifier>
    </Filter>
    <Filter Include="Sources\Runtime\Object\Component">
      <UniqueIdentifier>{c197dda0-2007-462a-8228-22ca7b6782c0}</UniqueIdentifier>
    </Filter>
  </ItemGroup>
  <ItemGroup>
    <ClCompile Include="Sources\Utility\Timer.cpp">
      <Filter>Sources\Utility</Filter>
    </ClCompile>
    <ClCompile Include="Sources\Runtime\World\World.cpp">
      <Filter>Sources\Runtime\World</Filter>
    </ClCompile>
    <ClCompile Include="Sources\Render\DeferredRenderer.cpp">
      <Filter>Sources\Render</Filter>
    </ClCompile>
    <ClCompile Include="Sources\Runtime\Object\Object.cpp">
      <Filter>Sources\Runtime\Object</Filter>
    </ClCompile>
    <ClCompile Include="Sources\Render\DDSTextureLoader.cpp">
      <Filter>Sources\Render</Filter>
    </ClCompile>
    <ClCompile Include="Sources\Render\GeometryGenerator.cpp">
      <Filter>Sources\Render</Filter>
    </ClCompile>
    <ClCompile Include="Sources\Runtime\World\TestWorld.cpp">
      <Filter>Sources\Runtime\World</Filter>
    </ClCompile>
    <ClCompile Include="Sources\Render\RendererBase.cpp">
      <Filter>Sources\Render</Filter>
    </ClCompile>
    <ClCompile Include="Sources\Render\FrameResource.cpp">
      <Filter>Sources\Render</Filter>
    </ClCompile>
    <ClCompile Include="Sources\Render\Material.cpp">
      <Filter>Sources\Render</Filter>
    </ClCompile>
    <ClCompile Include="Sources\Render\ForwardRenderer.cpp">
      <Filter>Sources\Render</Filter>
    </ClCompile>
    <ClCompile Include="Sources\Render\MeshGeometry.cpp">
      <Filter>Sources\Render</Filter>
    </ClCompile>
    <ClCompile Include="Sources\Runtime\Object\Actor.cpp">
      <Filter>Sources\Runtime\Object</Filter>
    </ClCompile>
    <ClCompile Include="Sources\Render\Shader.cpp">
      <Filter>Sources\Render</Filter>
    </ClCompile>
    <ClCompile Include="Sources\Runtime\World\BoxWorld.cpp">
      <Filter>Sources\Runtime\World</Filter>
    </ClCompile>
    <ClCompile Include="Sources\Runtime\Object\Box.cpp">
      <Filter>Sources\Runtime\Object</Filter>
    </ClCompile>
    <ClCompile Include="Sources\Runtime\Object\Skull.cpp">
      <Filter>Sources\Runtime\Object</Filter>
    </ClCompile>
    <ClCompile Include="Sources\Runtime\Object\Cylinder.cpp">
      <Filter>Sources\Runtime\Object</Filter>
    </ClCompile>
    <ClCompile Include="Sources\Runtime\Object\Grid.cpp">
      <Filter>Sources\Runtime\Object</Filter>
    </ClCompile>
    <ClCompile Include="Sources\Runtime\Object\Sphere.cpp">
      <Filter>Sources\Runtime\Object</Filter>
    </ClCompile>
    <ClCompile Include="Sources\Utility\DXMath.cpp">
      <Filter>Sources\Utility</Filter>
    </ClCompile>
    <ClCompile Include="Sources\Utility\DXUtility.cpp">
      <Filter>Sources\Utility</Filter>
    </ClCompile>
    <ClCompile Include="Sources\Render\Texture.cpp">
      <Filter>Sources\Render</Filter>
    </ClCompile>
    <ClCompile Include="Sources\Main.cpp">
      <Filter>Sources</Filter>
    </ClCompile>
    <ClCompile Include="Sources\Runtime\Object\WireFence.cpp">
      <Filter>Sources\Runtime\Object</Filter>
    </ClCompile>
    <ClCompile Include="Sources\Runtime\Object\WaterBall.cpp">
      <Filter>Sources\Runtime\Object</Filter>
    </ClCompile>
    <ClCompile Include="Sources\Runtime\Object\Billboard.cpp">
      <Filter>Sources\Runtime\Object</Filter>
    </ClCompile>
    <ClCompile Include="Sources\Runtime\Object\Foliage.cpp">
      <Filter>Sources\Runtime\Object</Filter>
    </ClCompile>
    <ClCompile Include="Sources\Runtime\Object\ViewCamera.cpp">
      <Filter>Sources\Runtime\Object</Filter>
    </ClCompile>
    <ClCompile Include="Sources\Window\Window.cpp">
      <Filter>Sources\Window</Filter>
    </ClCompile>
    <ClCompile Include="Sources\DirectX\DXDeviceManager.cpp">
      <Filter>Sources\DirectX12</Filter>
    </ClCompile>
    <ClCompile Include="Sources\Application\TestApplication.cpp">
      <Filter>Sources\Application</Filter>
    </ClCompile>
    <ClCompile Include="Sources\Render\Renderer.cpp">
      <Filter>Sources\Render</Filter>
    </ClCompile>
  </ItemGroup>
  <ItemGroup>
    <ClInclude Include="Sources\Render\DeferredRenderer.h">
      <Filter>Sources\Render</Filter>
    </ClInclude>
    <ClInclude Include="Sources\Render\ForwardRenderer.h">
      <Filter>Sources\Render</Filter>
    </ClInclude>
    <ClInclude Include="Sources\Utility\Class.h">
      <Filter>Sources\Utility</Filter>
    </ClInclude>
    <ClInclude Include="Sources\Utility\Timer.h">
      <Filter>Sources\Utility</Filter>
    </ClInclude>
    <ClInclude Include="Sources\Runtime\World\World.h">
      <Filter>Sources\Runtime\World</Filter>
    </ClInclude>
    <ClInclude Include="Sources\Runtime\Object\Object.h">
      <Filter>Sources\Runtime\Object</Filter>
    </ClInclude>
    <ClInclude Include="Sources\Runtime\Object\Actor.h">
      <Filter>Sources\Runtime\Object</Filter>
    </ClInclude>
    <ClInclude Include="Sources\Render\FrameResource.h">
      <Filter>Sources\Render</Filter>
    </ClInclude>
    <ClInclude Include="Sources\Render\DDSTextureLoader.h">
      <Filter>Sources\Render</Filter>
    </ClInclude>
    <ClInclude Include="Sources\Render\GeometryGenerator.h">
      <Filter>Sources\Render</Filter>
    </ClInclude>
    <ClInclude Include="Sources\Render\MeshGeometry.h">
      <Filter>Sources\Render</Filter>
    </ClInclude>
    <ClInclude Include="Sources\Render\UploadBuffer.h">
      <Filter>Sources\Render</Filter>
    </ClInclude>
    <ClInclude Include="Sources\Runtime\World\TestWorld.h">
      <Filter>Sources\Runtime\World</Filter>
    </ClInclude>
    <ClInclude Include="Sources\Render\RendererBase.h">
      <Filter>Sources\Render</Filter>
    </ClInclude>
    <ClInclude Include="Sources\Render\Material.h">
      <Filter>Sources\Render</Filter>
    </ClInclude>
    <ClInclude Include="Sources\Render\Shader.h">
      <Filter>Sources\Render</Filter>
    </ClInclude>
    <ClInclude Include="Sources\Runtime\World\BoxWorld.h">
      <Filter>Sources\Runtime\World</Filter>
    </ClInclude>
    <ClInclude Include="Sources\Runtime\Object\Box.h">
      <Filter>Sources\Runtime\Object</Filter>
    </ClInclude>
    <ClInclude Include="Sources\Runtime\Object\Cylinder.h">
      <Filter>Sources\Runtime\Object</Filter>
    </ClInclude>
    <ClInclude Include="Sources\Runtime\Object\Grid.h">
      <Filter>Sources\Runtime\Object</Filter>
    </ClInclude>
    <ClInclude Include="Sources\Runtime\Object\Skull.h">
      <Filter>Sources\Runtime\Object</Filter>
    </ClInclude>
    <ClInclude Include="Sources\Runtime\Object\Sphere.h">
      <Filter>Sources\Runtime\Object</Filter>
    </ClInclude>
    <ClInclude Include="Sources\Runtime\Object\ShapeActorsHeader.h">
      <Filter>Sources\Runtime\Object</Filter>
    </ClInclude>
    <ClInclude Include="Sources\Utility\d3dx12.h">
      <Filter>Sources\Utility</Filter>
    </ClInclude>
    <ClInclude Include="Sources\Utility\DXHeaders.h">
      <Filter>Sources\Utility</Filter>
    </ClInclude>
    <ClInclude Include="Sources\Utility\DXMath.h">
      <Filter>Sources\Utility</Filter>
    </ClInclude>
    <ClInclude Include="Sources\Utility\DXUtility.h">
      <Filter>Sources\Utility</Filter>
    </ClInclude>
    <ClInclude Include="Sources\Render\Texture.h">
      <Filter>Sources\Render</Filter>
    </ClInclude>
    <ClInclude Include="Sources\Runtime\Object\WireFence.h">
      <Filter>Sources\Runtime\Object</Filter>
    </ClInclude>
    <ClInclude Include="Sources\Runtime\Object\WaterBall.h">
      <Filter>Sources\Runtime\Object</Filter>
    </ClInclude>
    <ClInclude Include="Sources\Runtime\Object\Billboard.h">
      <Filter>Sources\Runtime\Object</Filter>
    </ClInclude>
    <ClInclude Include="Sources\Runtime\Object\Foliage.h">
      <Filter>Sources\Runtime\Object</Filter>
    </ClInclude>
    <ClInclude Include="Sources\Runtime\Object\ViewCamera.h">
      <Filter>Sources\Runtime\Object</Filter>
    </ClInclude>
    <ClInclude Include="Sources\DirectX\DXDeviceManager.h">
      <Filter>Sources\DirectX12</Filter>
    </ClInclude>
    <ClInclude Include="Sources\Window\Window.h">
      <Filter>Sources\Window</Filter>
    </ClInclude>
    <ClInclude Include="Sources\Application\TestApplication.h">
      <Filter>Sources\Application</Filter>
    </ClInclude>
    <ClInclude Include="Sources\Render\Renderer.h">
      <Filter>Sources\Render</Filter>
    </ClInclude>
    <ClInclude Include="Sources\GameFramework\InputSystem\InputSystem.h">
      <Filter>Sources\GameFramework\InputSystem</Filter>
    </ClInclude>
  </ItemGroup>
  <ItemGroup>
    <None Include="Shaders\ForwardLitCommon.sh">
      <Filter>Shaders</Filter>
    </None>
    <None Include="Shaders\ForwardLitPixelShader.sf">
      <Filter>Shaders</Filter>
    </None>
    <None Include="Shaders\ForwardLitVertexShader.sf">
      <Filter>Shaders</Filter>
    </None>
    <None Include="Shaders\BillboardCommon.sh">
      <Filter>Shaders</Filter>
    </None>
    <None Include="Shaders\BillboardGeometryShader.sf">
      <Filter>Shaders</Filter>
    </None>
    <None Include="Shaders\BillboardPixelShader.sf">
      <Filter>Shaders</Filter>
    </None>
    <None Include="Shaders\BillboardVertexShader.sf">
      <Filter>Shaders</Filter>
    </None>
    <None Include="Shaders\Common.sh">
      <Filter>Shaders</Filter>
    </None>
    <None Include="Shaders\LitUtility.sh">
      <Filter>Shaders</Filter>
    </None>
  </ItemGroup>
</Project>